Microsoft Visual Studio Solution File, Format Version 11.00
# Visual Studio 2008

Project("{F8E800A4-3F07-A2A5-0ED0-609421F814F9}") = "Project Phoenix", "Assembly-CSharp.csproj", "{D43827F2-5FD0-E8B3-C078-1CD1960C6E5A}"
EndProject
Project("{F8E800A4-3F07-A2A5-0ED0-609421F814F9}") = "Project Phoenix", "Assembly-CSharp-Editor.csproj", "{747859FC-9B33-0C40-E7E7-92FF206A96CA}"
EndProject
Global
	GlobalSection(SolutionConfigurationPlatforms) = preSolution
		Debug|Any CPU = Debug|Any CPU
		Release|Any CPU = Release|Any CPU
	EndGlobalSection
	GlobalSection(ProjectConfigurationPlatforms) = postSolution
		{D43827F2-5FD0-E8B3-C078-1CD1960C6E5A}.Debug|Any CPU.ActiveCfg = Debug|Any CPU
		{D43827F2-5FD0-E8B3-C078-1CD1960C6E5A}.Debug|Any CPU.Build.0 = Debug|Any CPU
		{D43827F2-5FD0-E8B3-C078-1CD1960C6E5A}.Release|Any CPU.ActiveCfg = Release|Any CPU
		{D43827F2-5FD0-E8B3-C078-1CD1960C6E5A}.Release|Any CPU.Build.0 = Release|Any CPU
		{747859FC-9B33-0C40-E7E7-92FF206A96CA}.Debug|Any CPU.ActiveCfg = Debug|Any CPU
		{747859FC-9B33-0C40-E7E7-92FF206A96CA}.Debug|Any CPU.Build.0 = Debug|Any CPU
		{747859FC-9B33-0C40-E7E7-92FF206A96CA}.Release|Any CPU.ActiveCfg = Release|Any CPU
		{747859FC-9B33-0C40-E7E7-92FF206A96CA}.Release|Any CPU.Build.0 = Release|Any CPU
	EndGlobalSection
	GlobalSection(SolutionProperties) = preSolution
		HideSolutionNode = FALSE
	EndGlobalSection
	GlobalSection(MonoDevelopProperties) = preSolution
		StartupItem = Assembly-CSharp.csproj
	EndGlobalSection
EndGlobal
